
Microsoft Visual Studio Solution File, Format Version 12.00
# Visual Studio Version 16
VisualStudioVersion = 16.0.30804.86
MinimumVisualStudioVersion = 10.0.40219.1
Project("{FAE04EC0-301F-11D3-BF4B-00C04F79EFBC}") = "LGRM.Android", "LGRM\LGRM.Android\LGRM.Android.csproj", "{82590150-C50B-4294-8776-B7E5ED90354C}"
EndProject
Project("{9A19103F-16F7-4668-BE54-9A1E7A4F7556}") = "LGRM", "LGRM\LGRM\LGRM.csproj", "{CBD04DF3-4321-4888-A5ED-CCAD653D40F4}"
EndProject
Global
	GlobalSection(SolutionConfigurationPlatforms) = preSolution
		Debug|Any CPU = Debug|Any CPU
		Release|Any CPU = Release|Any CPU
	EndGlobalSection
	GlobalSection(ProjectConfigurationPlatforms) = postSolution
		{82590150-C50B-4294-8776-B7E5ED90354C}.Debug|Any CPU.ActiveCfg = Debug|Any CPU
		{82590150-C50B-4294-8776-B7E5ED90354C}.Debug|Any CPU.Build.0 = Debug|Any CPU
		{82590150-C50B-4294-8776-B7E5ED90354C}.Debug|Any CPU.Deploy.0 = Debug|Any CPU
		{82590150-C50B-4294-8776-B7E5ED90354C}.Release|Any CPU.ActiveCfg = Release|Any CPU
		{82590150-C50B-4294-8776-B7E5ED90354C}.Release|Any CPU.Build.0 = Release|Any CPU
		{82590150-C50B-4294-8776-B7E5ED90354C}.Release|Any CPU.Deploy.0 = Release|Any CPU
		{CBD04DF3-4321-4888-A5ED-CCAD653D40F4}.Debug|Any CPU.ActiveCfg = Debug|Any CPU
		{CBD04DF3-4321-4888-A5ED-CCAD653D40F4}.Debug|Any CPU.Build.0 = Debug|Any CPU
		{CBD04DF3-4321-4888-A5ED-CCAD653D40F4}.Debug|Any CPU.Deploy.0 = Debug|Any CPU
		{CBD04DF3-4321-4888-A5ED-CCAD653D40F4}.Release|Any CPU.ActiveCfg = Release|Any CPU
		{CBD04DF3-4321-4888-A5ED-CCAD653D40F4}.Release|Any CPU.Build.0 = Release|Any CPU
		{CBD04DF3-4321-4888-A5ED-CCAD653D40F4}.Release|Any CPU.Deploy.0 = Release|Any CPU
	EndGlobalSection
	GlobalSection(SolutionProperties) = preSolution
		HideSolutionNode = FALSE
	EndGlobalSection
	GlobalSection(ExtensibilityGlobals) = postSolution
		SolutionGuid = {88201476-41AD-481B-9AF9-E09C3F2AC3C7}
	EndGlobalSection
EndGlobal
